// !$*UTF8*$!
{
	archiveVersion = 1;
	classes = {
	};
	objectVersion = 46;
	objects = {

/* Begin PBXBuildFile section */
		1CF4AB051A129CA500AA11EB /* main.m in Sources */ = {isa = PBXBuildFile; fileRef = 1CF4AB041A129CA500AA11EB /* main.m */; };
		1CF4AB081A129CA500AA11EB /* AppDelegate.m in Sources */ = {isa = PBXBuildFile; fileRef = 1CF4AB071A129CA500AA11EB /* AppDelegate.m */; };
		1CF4AB0B1A129CA500AA11EB /* ViewController.m in Sources */ = {isa = PBXBuildFile; fileRef = 1CF4AB0A1A129CA500AA11EB /* ViewController.m */; };
		1CF4AB0E1A129CA500AA11EB /* Main.storyboard in Resources */ = {isa = PBXBuildFile; fileRef = 1CF4AB0C1A129CA500AA11EB /* Main.storyboard */; };
		1CF4AB101A129CA500AA11EB /* Images.xcassets in Resources */ = {isa = PBXBuildFile; fileRef = 1CF4AB0F1A129CA500AA11EB /* Images.xcassets */; };
		1CF4AB131A129CA500AA11EB /* LaunchScreen.xib in Resources */ = {isa = PBXBuildFile; fileRef = 1CF4AB111A129CA500AA11EB /* LaunchScreen.xib */; };
		1CF4AB1F1A129CA500AA11EB /* AlcolatorTests.m in Sources */ = {isa = PBXBuildFile; fileRef = 1CF4AB1E1A129CA500AA11EB /* AlcolatorTests.m */; };
/* End PBXBuildFile section */

/* Begin PBXContainerItemProxy section */
		1CF4AB191A129CA500AA11EB /* PBXContainerItemProxy */ = {
			isa = PBXContainerItemProxy;
			containerPortal = 1CF4AAF71A129CA500AA11EB /* Project object */;
			proxyType = 1;
			remoteGlobalIDString = 1CF4AAFE1A129CA500AA11EB;
			remoteInfo = Alcolator;
		};
/* End PBXContainerItemProxy section */

/* Begin PBXFileReference section */
		1CF4AAFF1A129CA500AA11EB /* Alcolator.app */ = {isa = PBXFileReference; explicitFileType = wrapper.application; includeInIndex = 0; path = Alcolator.app; sourceTree = BUILT_PRODUCTS_DIR; };
		1CF4AB031A129CA500AA11EB /* Info.plist */ = {isa = PBXFileReference; lastKnownFileType = text.plist.xml; path = Info.plist; sourceTree = "<group>"; };
		1CF4AB041A129CA500AA11EB /* main.m */ = {isa = PBXFileReference; lastKnownFileType = sourcecode.c.objc; path = main.m; sourceTree = "<group>"; };
		1CF4AB061A129CA500AA11EB /* AppDelegate.h */ = {isa = PBXFileReference; lastKnownFileType = sourcecode.c.h; path = AppDelegate.h; sourceTree = "<group>"; };
		1CF4AB071A129CA500AA11EB /* AppDelegate.m */ = {isa = PBXFileReference; lastKnownFileType = sourcecode.c.objc; path = AppDelegate.m; sourceTree = "<group>"; };
		1CF4AB091A129CA500AA11EB /* ViewController.h */ = {isa = PBXFileReference; lastKnownFileType = sourcecode.c.h; path = ViewController.h; sourceTree = "<group>"; };
		1CF4AB0A1A129CA500AA11EB /* ViewController.m */ = {isa = PBXFileReference; lastKnownFileType = sourcecode.c.objc; path = ViewController.m; sourceTree = "<group>"; };
		1CF4AB0D1A129CA500AA11EB /* Base */ = {isa = PBXFileReference; lastKnownFileType = file.storyboard; name = Base; path = Base.lproj/Main.storyboard; sourceTree = "<group>"; };
		1CF4AB0F1A129CA500AA11EB /* Images.xcassets */ = {isa = PBXFileReference; lastKnownFileType = folder.assetcatalog; path = Images.xcassets; sourceTree = "<group>"; };
		1CF4AB121A129CA500AA11EB /* Base */ = {isa = PBXFileReference; lastKnownFileType = file.xib; name = Base; path = Base.lproj/LaunchScreen.xib; sourceTree = "<group>"; };
		1CF4AB181A129CA500AA11EB /* AlcolatorTests.xctest */ = {isa = PBXFileReference; explicitFileType = wrapper.cfbundle; includeInIndex = 0; path = AlcolatorTests.xctest; sourceTree = BUILT_PRODUCTS_DIR; };
		1CF4AB1D1A129CA500AA11EB /* Info.plist */ = {isa = PBXFileReference; lastKnownFileType = text.plist.xml; path = Info.plist; sourceTree = "<group>"; };
		1CF4AB1E1A129CA500AA11EB /* AlcolatorTests.m */ = {isa = PBXFileReference; lastKnownFileType = sourcecode.c.objc; path = AlcolatorTests.m; sourceTree = "<group>"; };
/* End PBXFileReference section */

/* Begin PBXFrameworksBuildPhase section */
		1CF4AAFC1A129CA500AA11EB /* Frameworks */ = {
			isa = PBXFrameworksBuildPhase;
			buildActionMask = 2147483647;
			files = (
			);
			runOnlyForDeploymentPostprocessing = 0;
		};
		1CF4AB151A129CA500AA11EB /* Frameworks */ = {
			isa = PBXFrameworksBuildPhase;
			buildActionMask = 2147483647;
			files = (
			);
			runOnlyForDeploymentPostprocessing = 0;
		};
/* End PBXFrameworksBuildPhase section */

/* Begin PBXGroup section */
		1CF4AAF61A129CA500AA11EB = {
			isa = PBXGroup;
			children = (
				1CF4AB011A129CA500AA11EB /* Alcolator */,
				1CF4AB1B1A129CA500AA11EB /* AlcolatorTests */,
				1CF4AB001A129CA500AA11EB /* Products */,
			);
			sourceTree = "<group>";
		};
		1CF4AB001A129CA500AA11EB /* Products */ = {
			isa = PBXGroup;
			children = (
				1CF4AAFF1A129CA500AA11EB /* Alcolator.app */,
				1CF4AB181A129CA500AA11EB /* AlcolatorTests.xctest */,
			);
			name = Products;
			sourceTree = "<group>";
		};
		1CF4AB011A129CA500AA11EB /* Alcolator */ = {
			isa = PBXGroup;
			children = (
				1CF4AB061A129CA500AA11EB /* AppDelegate.h */,
				1CF4AB071A129CA500AA11EB /* AppDelegate.m */,
				1CF4AB091A129CA500AA11EB /* ViewController.h */,
				1CF4AB0A1A129CA500AA11EB /* ViewController.m */,
				1CF4AB0C1A129CA500AA11EB /* Main.storyboard */,
				1CF4AB0F1A129CA500AA11EB /* Images.xcassets */,
				1CF4AB111A129CA500AA11EB /* LaunchScreen.xib */,
				1CF4AB021A129CA500AA11EB /* Supporting Files */,
			);
			path = Alcolator;
			sourceTree = "<group>";
		};
		1CF4AB021A129CA500AA11EB /* Supporting Files */ = {
			isa = PBXGroup;
			children = (
				1CF4AB031A129CA500AA11EB /* Info.plist */,
				1CF4AB041A129CA500AA11EB /* main.m */,
			);
			name = "Supporting Files";
			sourceTree = "<group>";
		};
		1CF4AB1B1A129CA500AA11EB /* AlcolatorTests */ = {
			isa = PBXGroup;
			children = (
				1CF4AB1E1A129CA500AA11EB /* AlcolatorTests.m */,
				1CF4AB1C1A129CA500AA11EB /* Supporting Files */,
			);
			path = AlcolatorTests;
			sourceTree = "<group>";
		};
		1CF4AB1C1A129CA500AA11EB /* Supporting Files */ = {
			isa = PBXGroup;
			children = (
				1CF4AB1D1A129CA500AA11EB /* Info.plist */,
			);
			name = "Supporting Files";
			sourceTree = "<group>";
		};
/* End PBXGroup section */

/* Begin PBXNativeTarget section */
		1CF4AAFE1A129CA500AA11EB /* Alcolator */ = {
			isa = PBXNativeTarget;
			buildConfigurationList = 1CF4AB221A129CA500AA11EB /* Build configuration list for PBXNativeTarget "Alcolator" */;
			buildPhases = (
				1CF4AAFB1A129CA500AA11EB /* Sources */,
				1CF4AAFC1A129CA500AA11EB /* Frameworks */,
				1CF4AAFD1A129CA500AA11EB /* Resources */,
			);
			buildRules = (
			);
			dependencies = (
			);
			name = Alcolator;
			productName = Alcolator;
			productReference = 1CF4AAFF1A129CA500AA11EB /* Alcolator.app */;
			productType = "com.apple.product-type.application";
		};
		1CF4AB171A129CA500AA11EB /* AlcolatorTests */ = {
			isa = PBXNativeTarget;
			buildConfigurationList = 1CF4AB251A129CA500AA11EB /* Build configuration list for PBXNativeTarget "AlcolatorTests" */;
			buildPhases = (
				1CF4AB141A129CA500AA11EB /* Sources */,
				1CF4AB151A129CA500AA11EB /* Frameworks */,
				1CF4AB161A129CA500AA11EB /* Resources */,
			);
			buildRules = (
			);
			dependencies = (
				1CF4AB1A1A129CA500AA11EB /* PBXTargetDependency */,
			);
			name = AlcolatorTests;
			productName = AlcolatorTests;
			productReference = 1CF4AB181A129CA500AA11EB /* AlcolatorTests.xctest */;
			productType = "com.apple.product-type.bundle.unit-test";
		};
/* End PBXNativeTarget section */

/* Begin PBXProject section */
		1CF4AAF71A129CA500AA11EB /* Project object */ = {
			isa = PBXProject;
			attributes = {
				LastUpgradeCheck = 0610;
				ORGANIZATIONNAME = "Rohan Khara";
				TargetAttributes = {
					1CF4AAFE1A129CA500AA11EB = {
						CreatedOnToolsVersion = 6.1;
					};
					1CF4AB171A129CA500AA11EB = {
						CreatedOnToolsVersion = 6.1;
						TestTargetID = 1CF4AAFE1A129CA500AA11EB;
					};
				};
			};
			buildConfigurationList = 1CF4AAFA1A129CA500AA11EB /* Build configuration list for PBXProject "Alcolator" */;
			compatibilityVersion = "Xcode 3.2";
			developmentRegion = English;
			hasScannedForEncodings = 0;
			knownRegions = (
				en,
				Base,
			);
			mainGroup = 1CF4AAF61A129CA500AA11EB;
			productRefGroup = 1CF4AB001A129CA500AA11EB /* Products */;
			projectDirPath = "";
			projectRoot = "";
			targets = (
				1CF4AAFE1A129CA500AA11EB /* Alcolator */,
				1CF4AB171A129CA500AA11EB /* AlcolatorTests */,
			);
		};
/* End PBXProject section */

/* Begin PBXResourcesBuildPhase section */
		1CF4AAFD1A129CA500AA11EB /* Resources */ = {
			isa = PBXResourcesBuildPhase;
			buildActionMask = 2147483647;
			files = (
				1CF4AB0E1A129CA500AA11EB /* Main.storyboard in Resources */,
				1CF4AB131A129CA500AA11EB /* LaunchScreen.xib in Resources */,
				1CF4AB101A129CA500AA11EB /* Images.xcassets in Resources */,
			);
			runOnlyForDeploymentPostprocessing = 0;
		};
		1CF4AB161A129CA500AA11EB /* Resources */ = {
			isa = PBXResourcesBuildPhase;
			buildActionMask = 2147483647;
			files = (
			);
			runOnlyForDeploymentPostprocessing = 0;
		};
/* End PBXResourcesBuildPhase section */

/* Begin PBXSourcesBuildPhase section */
		1CF4AAFB1A129CA500AA11EB /* Sources */ = {
			isa = PBXSourcesBuildPhase;
			buildActionMask = 2147483647;
			files = (
				1CF4AB0B1A129CA500AA11EB /* ViewController.m in Sources */,
				1CF4AB081A129CA500AA11EB /* AppDelegate.m in Sources */,
				1CF4AB051A129CA500AA11EB /* main.m in Sources */,
			);
			runOnlyForDeploymentPostprocessing = 0;
		};
		1CF4AB141A129CA500AA11EB /* Sources */ = {
			isa = PBXSourcesBuildPhase;
			buildActionMask = 2147483647;
			files = (
				1CF4AB1F1A129CA500AA11EB /* AlcolatorTests.m in Sources */,
			);
			runOnlyForDeploymentPostprocessing = 0;
		};
/* End PBXSourcesBuildPhase section */

/* Begin PBXTargetDependency section */
		1CF4AB1A1A129CA500AA11EB /* PBXTargetDependency */ = {
			isa = PBXTargetDependency;
			target = 1CF4AAFE1A129CA500AA11EB /* Alcolator */;
			targetProxy = 1CF4AB191A129CA500AA11EB /* PBXContainerItemProxy */;
		};
/* End PBXTargetDependency section */

/* Begin PBXVariantGroup section */
		1CF4AB0C1A129CA500AA11EB /* Main.storyboard */ = {
			isa = PBXVariantGroup;
			children = (
				1CF4AB0D1A129CA500AA11EB /* Base */,
			);
			name = Main.storyboard;
			sourceTree = "<group>";
		};
		1CF4AB111A129CA500AA11EB /* LaunchScreen.xib */ = {
			isa = PBXVariantGroup;
			children = (
				1CF4AB121A129CA500AA11EB /* Base */,
			);
			name = LaunchScreen.xib;
			sourceTree = "<group>";
		};
/* End PBXVariantGroup section */

/* Begin XCBuildConfiguration section */
		1CF4AB201A129CA500AA11EB /* Debug */ = {
			isa = XCBuildConfiguration;
			buildSettings = {
				ALWAYS_SEARCH_USER_PATHS = NO;
				CLANG_CXX_LANGUAGE_STANDARD = "gnu++0x";
				CLANG_CXX_LIBRARY = "libc++";
				CLANG_ENABLE_MODULES = YES;
				CLANG_ENABLE_OBJC_ARC = YES;
				CLANG_WARN_BOOL_CONVERSION = YES;
				CLANG_WARN_CONSTANT_CONVERSION = YES;
				CLANG_WARN_DIRECT_OBJC_ISA_USAGE = YES_ERROR;
				CLANG_WARN_EMPTY_BODY = YES;
				CLANG_WARN_ENUM_CONVERSION = YES;
				CLANG_WARN_INT_CONVERSION = YES;
				CLANG_WARN_OBJC_ROOT_CLASS = YES_ERROR;
				CLANG_WARN_UNREACHABLE_CODE = YES;
				CLANG_WARN__DUPLICATE_METHOD_MATCH = YES;
				"CODE_SIGN_IDENTITY[sdk=iphoneos*]" = "iPhone Developer";
				COPY_PHASE_STRIP = NO;
				ENABLE_STRICT_OBJC_MSGSEND = YES;
				GCC_C_LANGUAGE_STANDARD = gnu99;
				GCC_DYNAMIC_NO_PIC = NO;
				GCC_OPTIMIZATION_LEVEL = 0;
				GCC_PREPROCESSOR_DEFINITIONS = (
					"DEBUG=1",
					"$(inherited)",
				);
				GCC_SYMBOLS_PRIVATE_EXTERN = NO;
				GCC_WARN_64_TO_32_BIT_CONVERSION = YES;
				GCC_WARN_ABOUT_RETURN_TYPE = YES_ERROR;
				GCC_WARN_UNDECLARED_SELECTOR = YES;
				GCC_WARN_UNINITIALIZED_AUTOS = YES_AGGRESSIVE;
				GCC_WARN_UNUSED_FUNCTION = YES;
				GCC_WARN_UNUSED_VARIABLE = YES;
				IPHONEOS_DEPLOYMENT_TARGET = 8.1;
				MTL_ENABLE_DEBUG_INFO = YES;
				ONLY_ACTIVE_ARCH = YES;
				SDKROOT = iphoneos;
			};
			name = Debug;
		};
		1CF4AB211A129CA500AA11EB /* Release */ = {
			isa = XCBuildConfiguration;
			buildSettings = {
				ALWAYS_SEARCH_USER_PATHS = NO;
				CLANG_CXX_LANGUAGE_STANDARD = "gnu++0x";
				CLANG_CXX_LIBRARY = "libc++";
				CLANG_ENABLE_MODULES = YES;
				CLANG_ENABLE_OBJC_ARC = YES;
				CLANG_WARN_BOOL_CONVERSION = YES;
				CLANG_WARN_CONSTANT_CONVERSION = YES;
				CLANG_WARN_DIRECT_OBJC_ISA_USAGE = YES_ERROR;
				CLANG_WARN_EMPTY_BODY = YES;
				CLANG_WARN_ENUM_CONVERSION = YES;
				CLANG_WARN_INT_CONVERSION = YES;
				CLANG_WARN_OBJC_ROOT_CLASS = YES_ERROR;
				CLANG_WARN_UNREACHABLE_CODE = YES;
				CLANG_WARN__DUPLICATE_METHOD_MATCH = YES;
				"CODE_SIGN_IDENTITY[sdk=iphoneos*]" = "iPhone Developer";
				COPY_PHASE_STRIP = YES;
				ENABLE_NS_ASSERTIONS = NO;
				ENABLE_STRICT_OBJC_MSGSEND = YES;
				GCC_C_LANGUAGE_STANDARD = gnu99;
				GCC_WARN_64_TO_32_BIT_CONVERSION = YES;
				GCC_WARN_ABOUT_RETURN_TYPE = YES_ERROR;
				GCC_WARN_UNDECLARED_SELECTOR = YES;
				GCC_WARN_UNINITIALIZED_AUTOS = YES_AGGRESSIVE;
				GCC_WARN_UNUSED_FUNCTION = YES;
				GCC_WARN_UNUSED_VARIABLE = YES;
				IPHONEOS_DEPLOYMENT_TARGET = 8.1;
				MTL_ENABLE_DEBUG_INFO = NO;
				SDKROOT = iphoneos;
				VALIDATE_PRODUCT = YES;
			};
			name = Release;
		};
		1CF4AB231A129CA500AA11EB /* Debug */ = {
			isa = XCBuildConfiguration;
			buildSettings = {
				ASSETCATALOG_COMPILER_APPICON_NAME = AppIcon;
				INFOPLIST_FILE = Alcolator/Info.plist;
				LD_RUNPATH_SEARCH_PATHS = "$(inherited) @executable_path/Frameworks";
				PRODUCT_NAME = "$(TARGET_NAME)";
			};
			name = Debug;
		};
		1CF4AB241A129CA500AA11EB /* Release */ = {
			isa = XCBuildConfiguration;
			buildSettings = {
				ASSETCATALOG_COMPILER_APPICON_NAME = AppIcon;
				INFOPLIST_FILE = Alcolator/Info.plist;
				LD_RUNPATH_SEARCH_PATHS = "$(inherited) @executable_path/Frameworks";
				PRODUCT_NAME = "$(TARGET_NAME)";
			};
			name = Release;
		};
		1CF4AB261A129CA500AA11EB /* Debug */ = {
			isa = XCBuildConfiguration;
			buildSettings = {
				BUNDLE_LOADER = "$(TEST_HOST)";
				FRAMEWORK_SEARCH_PATHS = (
					"$(SDKROOT)/Developer/Library/Frameworks",
					"$(inherited)",
				);
				GCC_PREPROCESSOR_DEFINITIONS = (
					"DEBUG=1",
					"$(inherited)",
				);
				INFOPLIST_FILE = AlcolatorTests/Info.plist;
				LD_RUNPATH_SEARCH_PATHS = "$(inherited) @executable_path/Frameworks @loader_path/Frameworks";
				PRODUCT_NAME = "$(TARGET_NAME)";
				TEST_HOST = "$(BUILT_PRODUCTS_DIR)/Alcolator.app/Alcolator";
			};
			name = Debug;
		};
		1CF4AB271A129CA500AA11EB /* Release */ = {
			isa = XCBuildConfiguration;
			buildSettings = {
				BUNDLE_LOADER = "$(TEST_HOST)";
				FRAMEWORK_SEARCH_PATHS = (
					"$(SDKROOT)/Developer/Library/Frameworks",
					"$(inherited)",
				);
				INFOPLIST_FILE = AlcolatorTests/Info.plist;
				LD_RUNPATH_SEARCH_PATHS = "$(inherited) @executable_path/Frameworks @loader_path/Frameworks";
				PRODUCT_NAME = "$(TARGET_NAME)";
				TEST_HOST = "$(BUILT_PRODUCTS_DIR)/Alcolator.app/Alcolator";
			};
			name = Release;
		};
/* End XCBuildConfiguration section */

/* Begin XCConfigurationList section */
		1CF4AAFA1A129CA500AA11EB /* Build configuration list for PBXProject "Alcolator" */ = {
			isa = XCConfigurationList;
			buildConfigurations = (
				1CF4AB201A129CA500AA11EB /* Debug */,
				1CF4AB211A129CA500AA11EB /* Release */,
			);
			defaultConfigurationIsVisible = 0;
			defaultConfigurationName = Release;
		};
		1CF4AB221A129CA500AA11EB /* Build configuration list for PBXNativeTarget "Alcolator" */ = {
			isa = XCConfigurationList;
			buildConfigurations = (
				1CF4AB231A129CA500AA11EB /* Debug */,
				1CF4AB241A129CA500AA11EB /* Release */,
			);
			defaultConfigurationIsVisible = 0;
		};
		1CF4AB251A129CA500AA11EB /* Build configuration list for PBXNativeTarget "AlcolatorTests" */ = {
			isa = XCConfigurationList;
			buildConfigurations = (
				1CF4AB261A129CA500AA11EB /* Debug */,
				1CF4AB271A129CA500AA11EB /* Release */,
			);
			defaultConfigurationIsVisible = 0;
		};
/* End XCConfigurationList section */
	};
	rootObject = 1CF4AAF71A129CA500AA11EB /* Project object */;
}
